
Microsoft Visual Studio Solution File, Format Version 12.00
# Visual Studio Version 17
VisualStudioVersion = 17.5.33530.505
MinimumVisualStudioVersion = 10.0.40219.1
Project("{FAE04EC0-301F-11D3-BF4B-00C04F79EFBC}") = "ConsumoDeStreaming", "ConsumoDeStreaming\ConsumoDeStreaming.csproj", "{71FCA52C-A2EE-431A-B307-8F3AE4B2147D}"
EndProject
Global
	GlobalSection(SolutionConfigurationPlatforms) = preSolution
		Debug|Any CPU = Debug|Any CPU
		Release|Any CPU = Release|Any CPU
	EndGlobalSection
	GlobalSection(ProjectConfigurationPlatforms) = postSolution
		{71FCA52C-A2EE-431A-B307-8F3AE4B2147D}.Debug|Any CPU.ActiveCfg = Debug|Any CPU
		{71FCA52C-A2EE-431A-B307-8F3AE4B2147D}.Debug|Any CPU.Build.0 = Debug|Any CPU
		{71FCA52C-A2EE-431A-B307-8F3AE4B2147D}.Release|Any CPU.ActiveCfg = Release|Any CPU
		{71FCA52C-A2EE-431A-B307-8F3AE4B2147D}.Release|Any CPU.Build.0 = Release|Any CPU
	EndGlobalSection
	GlobalSection(SolutionProperties) = preSolution
		HideSolutionNode = FALSE
	EndGlobalSection
	GlobalSection(ExtensibilityGlobals) = postSolution
		SolutionGuid = {CFB6F911-4FAB-4970-B4FF-5CE41B314868}
	EndGlobalSection
EndGlobal
